
Microsoft Visual Studio Solution File, Format Version 12.00
# Visual Studio 15
VisualStudioVersion = 15.0.28010.2026
MinimumVisualStudioVersion = 10.0.40219.1
Project("{FAE04EC0-301F-11D3-BF4B-00C04F79EFBC}") = "X-Mouse Controls", "X-Mouse Controls\X-Mouse Controls.csproj", "{5E79F702-0C7E-48F3-A8EB-BFC450BD6C45}"
EndProject
Global
	GlobalSection(SolutionConfigurationPlatforms) = preSolution
		Debug|Any CPU = Debug|Any CPU
		Release|Any CPU = Release|Any CPU
	EndGlobalSection
	GlobalSection(ProjectConfigurationPlatforms) = postSolution
		{5E79F702-0C7E-48F3-A8EB-BFC450BD6C45}.Debug|Any CPU.ActiveCfg = Debug|Any CPU
		{5E79F702-0C7E-48F3-A8EB-BFC450BD6C45}.Debug|Any CPU.Build.0 = Debug|Any CPU
		{5E79F702-0C7E-48F3-A8EB-BFC450BD6C45}.Release|Any CPU.ActiveCfg = Release|Any CPU
		{5E79F702-0C7E-48F3-A8EB-BFC450BD6C45}.Release|Any CPU.Build.0 = Release|Any CPU
	EndGlobalSection
	GlobalSection(SolutionProperties) = preSolution
		HideSolutionNode = FALSE
	EndGlobalSection
	GlobalSection(ExtensibilityGlobals) = postSolution
		SolutionGuid = {A5254BB8-5903-4C71-9EA8-718FAB4509DC}
	EndGlobalSection
EndGlobal
